// !$*UTF8*$!
{
	archiveVersion = 1;
	classes = {
	};
	objectVersion = 51;
	objects = {

/* Begin PBXBuildFile section */
		251F6FCD59CF76C0D86F25C3 /* Pods_Todoey.framework in Frameworks */ = {isa = PBXBuildFile; fileRef = 0A2CDB36CAAFECF7891B81DB /* Pods_Todoey.framework */; };
		E46A974623E08F7D00F1423B /* DataModel.xcdatamodeld in Sources */ = {isa = PBXBuildFile; fileRef = E46A974423E08F7D00F1423B /* DataModel.xcdatamodeld */; };
		E4A354A123E5DDDC00902AED /* CategoryViewController.swift in Sources */ = {isa = PBXBuildFile; fileRef = E4A354A023E5DDDC00902AED /* CategoryViewController.swift */; };
		E4E9A3BE23F0A1C300CAF38D /* Item.swift in Sources */ = {isa = PBXBuildFile; fileRef = E4E9A3BD23F0A1C300CAF38D /* Item.swift */; };
		E4E9A3C023F0A1C900CAF38D /* Category.swift in Sources */ = {isa = PBXBuildFile; fileRef = E4E9A3BF23F0A1C900CAF38D /* Category.swift */; };
		EB2BE4FA239524DB00FB933B /* AppDelegate.swift in Sources */ = {isa = PBXBuildFile; fileRef = EB2BE4F9239524DB00FB933B /* AppDelegate.swift */; };
		EB2BE4FE239524DB00FB933B /* TodoListViewController.swift in Sources */ = {isa = PBXBuildFile; fileRef = EB2BE4FD239524DB00FB933B /* TodoListViewController.swift */; };
		EB2BE501239524DB00FB933B /* Main.storyboard in Resources */ = {isa = PBXBuildFile; fileRef = EB2BE4FF239524DB00FB933B /* Main.storyboard */; };
		EB2BE503239524DC00FB933B /* Assets.xcassets in Resources */ = {isa = PBXBuildFile; fileRef = EB2BE502239524DC00FB933B /* Assets.xcassets */; };
		EB2BE506239524DC00FB933B /* LaunchScreen.storyboard in Resources */ = {isa = PBXBuildFile; fileRef = EB2BE504239524DC00FB933B /* LaunchScreen.storyboard */; };
/* End PBXBuildFile section */

/* Begin PBXFileReference section */
		0A2CDB36CAAFECF7891B81DB /* Pods_Todoey.framework */ = {isa = PBXFileReference; explicitFileType = wrapper.framework; includeInIndex = 0; path = Pods_Todoey.framework; sourceTree = BUILT_PRODUCTS_DIR; };
		D0A4275B3EE553140AFA7E0F /* Pods-Todoey.release.xcconfig */ = {isa = PBXFileReference; includeInIndex = 1; lastKnownFileType = text.xcconfig; name = "Pods-Todoey.release.xcconfig"; path = "Target Support Files/Pods-Todoey/Pods-Todoey.release.xcconfig"; sourceTree = "<group>"; };
		D835E76D8DCCC7527DFB5222 /* Pods-Todoey.debug.xcconfig */ = {isa = PBXFileReference; includeInIndex = 1; lastKnownFileType = text.xcconfig; name = "Pods-Todoey.debug.xcconfig"; path = "Target Support Files/Pods-Todoey/Pods-Todoey.debug.xcconfig"; sourceTree = "<group>"; };
		E46A974523E08F7D00F1423B /* DataModel.xcdatamodel */ = {isa = PBXFileReference; lastKnownFileType = wrapper.xcdatamodel; path = DataModel.xcdatamodel; sourceTree = "<group>"; };
		E4A354A023E5DDDC00902AED /* CategoryViewController.swift */ = {isa = PBXFileReference; lastKnownFileType = sourcecode.swift; path = CategoryViewController.swift; sourceTree = "<group>"; };
		E4E9A3BD23F0A1C300CAF38D /* Item.swift */ = {isa = PBXFileReference; lastKnownFileType = sourcecode.swift; path = Item.swift; sourceTree = "<group>"; };
		E4E9A3BF23F0A1C900CAF38D /* Category.swift */ = {isa = PBXFileReference; lastKnownFileType = sourcecode.swift; path = Category.swift; sourceTree = "<group>"; };
		EB2BE4F6239524DB00FB933B /* Todoey.app */ = {isa = PBXFileReference; explicitFileType = wrapper.application; includeInIndex = 0; path = Todoey.app; sourceTree = BUILT_PRODUCTS_DIR; };
		EB2BE4F9239524DB00FB933B /* AppDelegate.swift */ = {isa = PBXFileReference; lastKnownFileType = sourcecode.swift; path = AppDelegate.swift; sourceTree = "<group>"; };
		EB2BE4FD239524DB00FB933B /* TodoListViewController.swift */ = {isa = PBXFileReference; lastKnownFileType = sourcecode.swift; path = TodoListViewController.swift; sourceTree = "<group>"; };
		EB2BE500239524DB00FB933B /* Base */ = {isa = PBXFileReference; lastKnownFileType = file.storyboard; name = Base; path = Base.lproj/Main.storyboard; sourceTree = "<group>"; };
		EB2BE502239524DC00FB933B /* Assets.xcassets */ = {isa = PBXFileReference; lastKnownFileType = folder.assetcatalog; path = Assets.xcassets; sourceTree = "<group>"; };
		EB2BE505239524DC00FB933B /* Base */ = {isa = PBXFileReference; lastKnownFileType = file.storyboard; name = Base; path = Base.lproj/LaunchScreen.storyboard; sourceTree = "<group>"; };
		EB2BE507239524DC00FB933B /* Info.plist */ = {isa = PBXFileReference; lastKnownFileType = text.plist.xml; path = Info.plist; sourceTree = "<group>"; };
/* End PBXFileReference section */

/* Begin PBXFrameworksBuildPhase section */
		EB2BE4F3239524DB00FB933B /* Frameworks */ = {
			isa = PBXFrameworksBuildPhase;
			buildActionMask = 2147483647;
			files = (
				251F6FCD59CF76C0D86F25C3 /* Pods_Todoey.framework in Frameworks */,
			);
			runOnlyForDeploymentPostprocessing = 0;
		};
/* End PBXFrameworksBuildPhase section */

/* Begin PBXGroup section */
		4D36201B4C4DDBFA16534D08 /* Frameworks */ = {
			isa = PBXGroup;
			children = (
				0A2CDB36CAAFECF7891B81DB /* Pods_Todoey.framework */,
			);
			name = Frameworks;
			sourceTree = "<group>";
		};
		54C92A2DF03C98F638F8B26A /* Pods */ = {
			isa = PBXGroup;
			children = (
				D835E76D8DCCC7527DFB5222 /* Pods-Todoey.debug.xcconfig */,
				D0A4275B3EE553140AFA7E0F /* Pods-Todoey.release.xcconfig */,
			);
			path = Pods;
			sourceTree = "<group>";
		};
		E46A974723E08F8300F1423B /* Data Model */ = {
			isa = PBXGroup;
			children = (
				E46A974423E08F7D00F1423B /* DataModel.xcdatamodeld */,
				E4E9A3BF23F0A1C900CAF38D /* Category.swift */,
				E4E9A3BD23F0A1C300CAF38D /* Item.swift */,
			);
			path = "Data Model";
			sourceTree = "<group>";
		};
		E46A974823E08F8F00F1423B /* Controllers */ = {
			isa = PBXGroup;
			children = (
				E4A354A023E5DDDC00902AED /* CategoryViewController.swift */,
				EB2BE4FD239524DB00FB933B /* TodoListViewController.swift */,
			);
			path = Controllers;
			sourceTree = "<group>";
		};
		E46A974923E08F9C00F1423B /* Views */ = {
			isa = PBXGroup;
			children = (
				EB2BE4FF239524DB00FB933B /* Main.storyboard */,
			);
			path = Views;
			sourceTree = "<group>";
		};
		E46A974A23E08FAB00F1423B /* Supporting Files */ = {
			isa = PBXGroup;
			children = (
				EB2BE502239524DC00FB933B /* Assets.xcassets */,
				EB2BE504239524DC00FB933B /* LaunchScreen.storyboard */,
			);
			path = "Supporting Files";
			sourceTree = "<group>";
		};
		EB2BE4ED239524DB00FB933B = {
			isa = PBXGroup;
			children = (
				EB2BE4F8239524DB00FB933B /* Todoey */,
				EB2BE4F7239524DB00FB933B /* Products */,
				54C92A2DF03C98F638F8B26A /* Pods */,
				4D36201B4C4DDBFA16534D08 /* Frameworks */,
			);
			sourceTree = "<group>";
		};
		EB2BE4F7239524DB00FB933B /* Products */ = {
			isa = PBXGroup;
			children = (
				EB2BE4F6239524DB00FB933B /* Todoey.app */,
			);
			name = Products;
			sourceTree = "<group>";
		};
		EB2BE4F8239524DB00FB933B /* Todoey */ = {
			isa = PBXGroup;
			children = (
				EB2BE4F9239524DB00FB933B /* AppDelegate.swift */,
				E46A974823E08F8F00F1423B /* Controllers */,
				E46A974723E08F8300F1423B /* Data Model */,
				E46A974923E08F9C00F1423B /* Views */,
				E46A974A23E08FAB00F1423B /* Supporting Files */,
				EB2BE507239524DC00FB933B /* Info.plist */,
			);
			path = Todoey;
			sourceTree = "<group>";
		};
/* End PBXGroup section */

/* Begin PBXNativeTarget section */
		EB2BE4F5239524DB00FB933B /* Todoey */ = {
			isa = PBXNativeTarget;
			buildConfigurationList = EB2BE50A239524DC00FB933B /* Build configuration list for PBXNativeTarget "Todoey" */;
			buildPhases = (
				D489954D982BF0E547E540BA /* [CP] Check Pods Manifest.lock */,
				EB2BE4F2239524DB00FB933B /* Sources */,
				EB2BE4F3239524DB00FB933B /* Frameworks */,
				EB2BE4F4239524DB00FB933B /* Resources */,
				3266AF03C8463DFD80FE6CBD /* [CP] Embed Pods Frameworks */,
			);
			buildRules = (
			);
			dependencies = (
			);
			name = Todoey;
			productName = Todoey;
			productReference = EB2BE4F6239524DB00FB933B /* Todoey.app */;
			productType = "com.apple.product-type.application";
		};
/* End PBXNativeTarget section */

/* Begin PBXProject section */
		EB2BE4EE239524DB00FB933B /* Project object */ = {
			isa = PBXProject;
			attributes = {
				LastSwiftUpdateCheck = 1120;
				LastUpgradeCheck = 1120;
				ORGANIZATIONNAME = "App Brewery";
				TargetAttributes = {
					EB2BE4F5239524DB00FB933B = {
						CreatedOnToolsVersion = 11.2.1;
					};
				};
			};
			buildConfigurationList = EB2BE4F1239524DB00FB933B /* Build configuration list for PBXProject "Todoey" */;
			compatibilityVersion = "Xcode 9.3";
			developmentRegion = en;
			hasScannedForEncodings = 0;
			knownRegions = (
				en,
				Base,
			);
			mainGroup = EB2BE4ED239524DB00FB933B;
			productRefGroup = EB2BE4F7239524DB00FB933B /* Products */;
			projectDirPath = "";
			projectRoot = "";
			targets = (
				EB2BE4F5239524DB00FB933B /* Todoey */,
			);
		};
/* End PBXProject section */

/* Begin PBXResourcesBuildPhase section */
		EB2BE4F4239524DB00FB933B /* Resources */ = {
			isa = PBXResourcesBuildPhase;
			buildActionMask = 2147483647;
			files = (
				EB2BE506239524DC00FB933B /* LaunchScreen.storyboard in Resources */,
				EB2BE503239524DC00FB933B /* Assets.xcassets in Resources */,
				EB2BE501239524DB00FB933B /* Main.storyboard in Resources */,
			);
			runOnlyForDeploymentPostprocessing = 0;
		};
/* End PBXResourcesBuildPhase section */

/* Begin PBXShellScriptBuildPhase section */
		3266AF03C8463DFD80FE6CBD /* [CP] Embed Pods Frameworks */ = {
			isa = PBXShellScriptBuildPhase;
			buildActionMask = 2147483647;
			files = (
			);
			inputFileListPaths = (
				"${PODS_ROOT}/Target Support Files/Pods-Todoey/Pods-Todoey-frameworks-${CONFIGURATION}-input-files.xcfilelist",
			);
			name = "[CP] Embed Pods Frameworks";
			outputFileListPaths = (
				"${PODS_ROOT}/Target Support Files/Pods-Todoey/Pods-Todoey-frameworks-${CONFIGURATION}-output-files.xcfilelist",
			);
			runOnlyForDeploymentPostprocessing = 0;
			shellPath = /bin/sh;
			shellScript = "\"${PODS_ROOT}/Target Support Files/Pods-Todoey/Pods-Todoey-frameworks.sh\"\n";
			showEnvVarsInLog = 0;
		};
		D489954D982BF0E547E540BA /* [CP] Check Pods Manifest.lock */ = {
			isa = PBXShellScriptBuildPhase;
			buildActionMask = 2147483647;
			files = (
			);
			inputFileListPaths = (
			);
			inputPaths = (
				"${PODS_PODFILE_DIR_PATH}/Podfile.lock",
				"${PODS_ROOT}/Manifest.lock",
			);
			name = "[CP] Check Pods Manifest.lock";
			outputFileListPaths = (
			);
			outputPaths = (
				"$(DERIVED_FILE_DIR)/Pods-Todoey-checkManifestLockResult.txt",
			);
			runOnlyForDeploymentPostprocessing = 0;
			shellPath = /bin/sh;
			shellScript = "diff \"${PODS_PODFILE_DIR_PATH}/Podfile.lock\" \"${PODS_ROOT}/Manifest.lock\" > /dev/null\nif [ $? != 0 ] ; then\n    # print error to STDERR\n    echo \"error: The sandbox is not in sync with the Podfile.lock. Run 'pod install' or update your CocoaPods installation.\" >&2\n    exit 1\nfi\n# This output is used by Xcode 'outputs' to avoid re-running this script phase.\necho \"SUCCESS\" > \"${SCRIPT_OUTPUT_FILE_0}\"\n";
			showEnvVarsInLog = 0;
		};
/* End PBXShellScriptBuildPhase section */

/* Begin PBXSourcesBuildPhase section */
		EB2BE4F2239524DB00FB933B /* Sources */ = {
			isa = PBXSourcesBuildPhase;
			buildActionMask = 2147483647;
			files = (
				E4E9A3BE23F0A1C300CAF38D /* Item.swift in Sources */,
				E4A354A123E5DDDC00902AED /* CategoryViewController.swift in Sources */,
				E46A974623E08F7D00F1423B /* DataModel.xcdatamodeld in Sources */,
				EB2BE4FE239524DB00FB933B /* TodoListViewController.swift in Sources */,
				EB2BE4FA239524DB00FB933B /* AppDelegate.swift in Sources */,
				E4E9A3C023F0A1C900CAF38D /* Category.swift in Sources */,
			);
			runOnlyForDeploymentPostprocessing = 0;
		};
/* End PBXSourcesBuildPhase section */

/* Begin PBXVariantGroup section */
		EB2BE4FF239524DB00FB933B /* Main.storyboard */ = {
			isa = PBXVariantGroup;
			children = (
				EB2BE500239524DB00FB933B /* Base */,
			);
			name = Main.storyboard;
			sourceTree = "<group>";
		};
		EB2BE504239524DC00FB933B /* LaunchScreen.storyboard */ = {
			isa = PBXVariantGroup;
			children = (
				EB2BE505239524DC00FB933B /* Base */,
			);
			name = LaunchScreen.storyboard;
			sourceTree = "<group>";
		};
/* End PBXVariantGroup section */

/* Begin XCBuildConfiguration section */
		EB2BE508239524DC00FB933B /* Debug */ = {
			isa = XCBuildConfiguration;
			buildSettings = {
				ALWAYS_SEARCH_USER_PATHS = NO;
				CLANG_ANALYZER_NONNULL = YES;
				CLANG_ANALYZER_NUMBER_OBJECT_CONVERSION = YES_AGGRESSIVE;
				CLANG_CXX_LANGUAGE_STANDARD = "gnu++14";
				CLANG_CXX_LIBRARY = "libc++";
				CLANG_ENABLE_MODULES = YES;
				CLANG_ENABLE_OBJC_ARC = YES;
				CLANG_ENABLE_OBJC_WEAK = YES;
				CLANG_WARN_BLOCK_CAPTURE_AUTORELEASING = YES;
				CLANG_WARN_BOOL_CONVERSION = YES;
				CLANG_WARN_COMMA = YES;
				CLANG_WARN_CONSTANT_CONVERSION = YES;
				CLANG_WARN_DEPRECATED_OBJC_IMPLEMENTATIONS = YES;
				CLANG_WARN_DIRECT_OBJC_ISA_USAGE = YES_ERROR;
				CLANG_WARN_DOCUMENTATION_COMMENTS = YES;
				CLANG_WARN_EMPTY_BODY = YES;
				CLANG_WARN_ENUM_CONVERSION = YES;
				CLANG_WARN_INFINITE_RECURSION = YES;
				CLANG_WARN_INT_CONVERSION = YES;
				CLANG_WARN_NON_LITERAL_NULL_CONVERSION = YES;
				CLANG_WARN_OBJC_IMPLICIT_RETAIN_SELF = YES;
				CLANG_WARN_OBJC_LITERAL_CONVERSION = YES;
				CLANG_WARN_OBJC_ROOT_CLASS = YES_ERROR;
				CLANG_WARN_RANGE_LOOP_ANALYSIS = YES;
				CLANG_WARN_STRICT_PROTOTYPES = YES;
				CLANG_WARN_SUSPICIOUS_MOVE = YES;
				CLANG_WARN_UNGUARDED_AVAILABILITY = YES_AGGRESSIVE;
				CLANG_WARN_UNREACHABLE_CODE = YES;
				CLANG_WARN__DUPLICATE_METHOD_MATCH = YES;
				COPY_PHASE_STRIP = NO;
				DEBUG_INFORMATION_FORMAT = dwarf;
				ENABLE_STRICT_OBJC_MSGSEND = YES;
				ENABLE_TESTABILITY = YES;
				GCC_C_LANGUAGE_STANDARD = gnu11;
				GCC_DYNAMIC_NO_PIC = NO;
				GCC_NO_COMMON_BLOCKS = YES;
				GCC_OPTIMIZATION_LEVEL = 0;
				GCC_PREPROCESSOR_DEFINITIONS = (
					"DEBUG=1",
					"$(inherited)",
				);
				GCC_WARN_64_TO_32_BIT_CONVERSION = YES;
				GCC_WARN_ABOUT_RETURN_TYPE = YES_ERROR;
				GCC_WARN_UNDECLARED_SELECTOR = YES;
				GCC_WARN_UNINITIALIZED_AUTOS = YES_AGGRESSIVE;
				GCC_WARN_UNUSED_FUNCTION = YES;
				GCC_WARN_UNUSED_VARIABLE = YES;
				IPHONEOS_DEPLOYMENT_TARGET = 13.2;
				MTL_ENABLE_DEBUG_INFO = INCLUDE_SOURCE;
				MTL_FAST_MATH = YES;
				ONLY_ACTIVE_ARCH = YES;
				SDKROOT = iphoneos;
				SWIFT_ACTIVE_COMPILATION_CONDITIONS = DEBUG;
				SWIFT_OPTIMIZATION_LEVEL = "-Onone";
			};
			name = Debug;
		};
		EB2BE509239524DC00FB933B /* Release */ = {
			isa = XCBuildConfiguration;
			buildSettings = {
				ALWAYS_SEARCH_USER_PATHS = NO;
				CLANG_ANALYZER_NONNULL = YES;
				CLANG_ANALYZER_NUMBER_OBJECT_CONVERSION = YES_AGGRESSIVE;
				CLANG_CXX_LANGUAGE_STANDARD = "gnu++14";
				CLANG_CXX_LIBRARY = "libc++";
				CLANG_ENABLE_MODULES = YES;
				CLANG_ENABLE_OBJC_ARC = YES;
				CLANG_ENABLE_OBJC_WEAK = YES;
				CLANG_WARN_BLOCK_CAPTURE_AUTORELEASING = YES;
				CLANG_WARN_BOOL_CONVERSION = YES;
				CLANG_WARN_COMMA = YES;
				CLANG_WARN_CONSTANT_CONVERSION = YES;
				CLANG_WARN_DEPRECATED_OBJC_IMPLEMENTATIONS = YES;
				CLANG_WARN_DIRECT_OBJC_ISA_USAGE = YES_ERROR;
				CLANG_WARN_DOCUMENTATION_COMMENTS = YES;
				CLANG_WARN_EMPTY_BODY = YES;
				CLANG_WARN_ENUM_CONVERSION = YES;
				CLANG_WARN_INFINITE_RECURSION = YES;
				CLANG_WARN_INT_CONVERSION = YES;
				CLANG_WARN_NON_LITERAL_NULL_CONVERSION = YES;
				CLANG_WARN_OBJC_IMPLICIT_RETAIN_SELF = YES;
				CLANG_WARN_OBJC_LITERAL_CONVERSION = YES;
				CLANG_WARN_OBJC_ROOT_CLASS = YES_ERROR;
				CLANG_WARN_RANGE_LOOP_ANALYSIS = YES;
				CLANG_WARN_STRICT_PROTOTYPES = YES;
				CLANG_WARN_SUSPICIOUS_MOVE = YES;
				CLANG_WARN_UNGUARDED_AVAILABILITY = YES_AGGRESSIVE;
				CLANG_WARN_UNREACHABLE_CODE = YES;
				CLANG_WARN__DUPLICATE_METHOD_MATCH = YES;
				COPY_PHASE_STRIP = NO;
				DEBUG_INFORMATION_FORMAT = "dwarf-with-dsym";
				ENABLE_NS_ASSERTIONS = NO;
				ENABLE_STRICT_OBJC_MSGSEND = YES;
				GCC_C_LANGUAGE_STANDARD = gnu11;
				GCC_NO_COMMON_BLOCKS = YES;
				GCC_WARN_64_TO_32_BIT_CONVERSION = YES;
				GCC_WARN_ABOUT_RETURN_TYPE = YES_ERROR;
				GCC_WARN_UNDECLARED_SELECTOR = YES;
				GCC_WARN_UNINITIALIZED_AUTOS = YES_AGGRESSIVE;
				GCC_WARN_UNUSED_FUNCTION = YES;
				GCC_WARN_UNUSED_VARIABLE = YES;
				IPHONEOS_DEPLOYMENT_TARGET = 13.2;
				MTL_ENABLE_DEBUG_INFO = NO;
				MTL_FAST_MATH = YES;
				SDKROOT = iphoneos;
				SWIFT_COMPILATION_MODE = wholemodule;
				SWIFT_OPTIMIZATION_LEVEL = "-O";
				VALIDATE_PRODUCT = YES;
			};
			name = Release;
		};
		EB2BE50B239524DC00FB933B /* Debug */ = {
			isa = XCBuildConfiguration;
			baseConfigurationReference = D835E76D8DCCC7527DFB5222 /* Pods-Todoey.debug.xcconfig */;
			buildSettings = {
				ASSETCATALOG_COMPILER_APPICON_NAME = AppIcon;
				CODE_SIGN_STYLE = Automatic;
				DEVELOPMENT_TEAM = 5DSZ9JN62Y;
				INFOPLIST_FILE = Todoey/Info.plist;
				IPHONEOS_DEPLOYMENT_TARGET = 13.0;
				LD_RUNPATH_SEARCH_PATHS = (
					"$(inherited)",
					"@executable_path/Frameworks",
				);
				PRODUCT_BUNDLE_IDENTIFIER = com.coatany.todoey;
				PRODUCT_NAME = "$(TARGET_NAME)";
				SWIFT_VERSION = 5.0;
				TARGETED_DEVICE_FAMILY = "1,2";
			};
			name = Debug;
		};
		EB2BE50C239524DC00FB933B /* Release */ = {
			isa = XCBuildConfiguration;
			baseConfigurationReference = D0A4275B3EE553140AFA7E0F /* Pods-Todoey.release.xcconfig */;
			buildSettings = {
				ASSETCATALOG_COMPILER_APPICON_NAME = AppIcon;
				CODE_SIGN_STYLE = Automatic;
				DEVELOPMENT_TEAM = 5DSZ9JN62Y;
				INFOPLIST_FILE = Todoey/Info.plist;
				IPHONEOS_DEPLOYMENT_TARGET = 13.0;
				LD_RUNPATH_SEARCH_PATHS = (
					"$(inherited)",
					"@executable_path/Frameworks",
				);
				PRODUCT_BUNDLE_IDENTIFIER = com.coatany.todoey;
				PRODUCT_NAME = "$(TARGET_NAME)";
				SWIFT_VERSION = 5.0;
				TARGETED_DEVICE_FAMILY = "1,2";
			};
			name = Release;
		};
/* End XCBuildConfiguration section */

/* Begin XCConfigurationList section */
		EB2BE4F1239524DB00FB933B /* Build configuration list for PBXProject "Todoey" */ = {
			isa = XCConfigurationList;
			buildConfigurations = (
				EB2BE508239524DC00FB933B /* Debug */,
				EB2BE509239524DC00FB933B /* Release */,
			);
			defaultConfigurationIsVisible = 0;
			defaultConfigurationName = Release;
		};
		EB2BE50A239524DC00FB933B /* Build configuration list for PBXNativeTarget "Todoey" */ = {
			isa = XCConfigurationList;
			buildConfigurations = (
				EB2BE50B239524DC00FB933B /* Debug */,
				EB2BE50C239524DC00FB933B /* Release */,
			);
			defaultConfigurationIsVisible = 0;
			defaultConfigurationName = Release;
		};
/* End XCConfigurationList section */

/* Begin XCVersionGroup section */
		E46A974423E08F7D00F1423B /* DataModel.xcdatamodeld */ = {
			isa = XCVersionGroup;
			children = (
				E46A974523E08F7D00F1423B /* DataModel.xcdatamodel */,
			);
			currentVersion = E46A974523E08F7D00F1423B /* DataModel.xcdatamodel */;
			path = DataModel.xcdatamodeld;
			sourceTree = "<group>";
			versionGroupType = wrapper.xcdatamodel;
		};
/* End XCVersionGroup section */
	};
	rootObject = EB2BE4EE239524DB00FB933B /* Project object */;
}
